# This file is automatically @generated by Cargo.
# It is not intended for manual editing.
version = 4

[[package]]
name = "arrayvec"
version = "0.7.8"
source = "registry+https://github.com/rust-lang/crates.io-index"
checksum = "d3fb67a6e08acf24fdeccbac2cb6ac4305825bd1f117462e0e6f2f193345ad56"

[[package]]
name = "kurbo"
version = "0.10.4"
source = "registry+https://github.com/rust-lang/crates.io-index"
checksum = "1618d4ebd923e97d67e7cd363d80aef35fe961005cbbbb3d2dad8bdd1bc63440"
dependencies = [
 "arrayvec",
 "smallvec",
]

[[package]]
name = "pomelo-gfx"
version = "0.1.0"
dependencies = [
 "kurbo",
]

[[package]]
name = "smallvec"
version = "1.16.2"
source = "registry+https://github.com/rust-lang/crates.io-index"
checksum = "f9395f0f0eee849a9b707b2f06bb92a6a422090e2123bb2ef8e87a0e61892a8e"
